// !$*UTF8*$!
{
	archiveVersion = 1;
	classes = {
	};
	objectVersion = 55;
	objects = {

/* Begin PBXBuildFile section */
		94764FA828C8723500538F3D /* ChatApp.swift in Sources */ = {isa = PBXBuildFile; fileRef = 94764FA728C8723500538F3D /* ChatApp.swift */; };
		94764FAA28C8723500538F3D /* HomeView.swift in Sources */ = {isa = PBXBuildFile; fileRef = 94764FA928C8723500538F3D /* HomeView.swift */; };
		94764FAC28C8723A00538F3D /* Assets.xcassets in Resources */ = {isa = PBXBuildFile; fileRef = 94764FAB28C8723A00538F3D /* Assets.xcassets */; };
		94764FAF28C8723A00538F3D /* Preview Assets.xcassets in Resources */ = {isa = PBXBuildFile; fileRef = 94764FAE28C8723A00538F3D /* Preview Assets.xcassets */; };
		94764FB828C87D2D00538F3D /* FirebaseFirestore in Frameworks */ = {isa = PBXBuildFile; productRef = 94764FB728C87D2D00538F3D /* FirebaseFirestore */; };
		94764FBA28C87D2D00538F3D /* FirebaseFirestoreCombine-Community in Frameworks */ = {isa = PBXBuildFile; productRef = 94764FB928C87D2D00538F3D /* FirebaseFirestoreCombine-Community */; };
		94764FBC28C87D2D00538F3D /* FirebaseFirestoreSwift in Frameworks */ = {isa = PBXBuildFile; productRef = 94764FBB28C87D2D00538F3D /* FirebaseFirestoreSwift */; };
		94764FC328C8827800538F3D /* ChatBubbleView.swift in Sources */ = {isa = PBXBuildFile; fileRef = 94764FC228C8827800538F3D /* ChatBubbleView.swift */; };
		94764FC528C8829D00538F3D /* LoadingView.swift in Sources */ = {isa = PBXBuildFile; fileRef = 94764FC428C8829D00538F3D /* LoadingView.swift */; };
		94764FC828C882F700538F3D /* HomeViewModel.swift in Sources */ = {isa = PBXBuildFile; fileRef = 94764FC728C882F700538F3D /* HomeViewModel.swift */; };
		94764FCA28C8834900538F3D /* ChatView.swift in Sources */ = {isa = PBXBuildFile; fileRef = 94764FC928C8834900538F3D /* ChatView.swift */; };
		94764FCD28C883AF00538F3D /* ChatViewModel.swift in Sources */ = {isa = PBXBuildFile; fileRef = 94764FCC28C883AF00538F3D /* ChatViewModel.swift */; };
		94764FD028C883FA00538F3D /* BubblePosition.swift in Sources */ = {isa = PBXBuildFile; fileRef = 94764FCF28C883FA00538F3D /* BubblePosition.swift */; };
		94764FD228C8842700538F3D /* ChatNotification.swift in Sources */ = {isa = PBXBuildFile; fileRef = 94764FD128C8842700538F3D /* ChatNotification.swift */; };
		94764FD428C8847E00538F3D /* Chat.swift in Sources */ = {isa = PBXBuildFile; fileRef = 94764FD328C8847E00538F3D /* Chat.swift */; };
		94764FD728C8852500538F3D /* FirebaseReference.swift in Sources */ = {isa = PBXBuildFile; fileRef = 94764FD628C8852500538F3D /* FirebaseReference.swift */; };
		94764FD928C8854C00538F3D /* FirebaseService.swift in Sources */ = {isa = PBXBuildFile; fileRef = 94764FD828C8854C00538F3D /* FirebaseService.swift */; };
		94CEE1FC290FEB4F0029E74B /* GoogleService-Info.plist in Resources */ = {isa = PBXBuildFile; fileRef = 94CEE1FB290FEB4F0029E74B /* GoogleService-Info.plist */; };
/* End PBXBuildFile section */

/* Begin PBXFileReference section */
		94764FA428C8723500538F3D /* Chat.app */ = {isa = PBXFileReference; explicitFileType = wrapper.application; includeInIndex = 0; path = Chat.app; sourceTree = BUILT_PRODUCTS_DIR; };
		94764FA728C8723500538F3D /* ChatApp.swift */ = {isa = PBXFileReference; lastKnownFileType = sourcecode.swift; path = ChatApp.swift; sourceTree = "<group>"; };
		94764FA928C8723500538F3D /* HomeView.swift */ = {isa = PBXFileReference; lastKnownFileType = sourcecode.swift; path = HomeView.swift; sourceTree = "<group>"; };
		94764FAB28C8723A00538F3D /* Assets.xcassets */ = {isa = PBXFileReference; lastKnownFileType = folder.assetcatalog; path = Assets.xcassets; sourceTree = "<group>"; };
		94764FAE28C8723A00538F3D /* Preview Assets.xcassets */ = {isa = PBXFileReference; lastKnownFileType = folder.assetcatalog; path = "Preview Assets.xcassets"; sourceTree = "<group>"; };
		94764FC228C8827800538F3D /* ChatBubbleView.swift */ = {isa = PBXFileReference; lastKnownFileType = sourcecode.swift; path = ChatBubbleView.swift; sourceTree = "<group>"; };
		94764FC428C8829D00538F3D /* LoadingView.swift */ = {isa = PBXFileReference; lastKnownFileType = sourcecode.swift; path = LoadingView.swift; sourceTree = "<group>"; };
		94764FC728C882F700538F3D /* HomeViewModel.swift */ = {isa = PBXFileReference; lastKnownFileType = sourcecode.swift; path = HomeViewModel.swift; sourceTree = "<group>"; };
		94764FC928C8834900538F3D /* ChatView.swift */ = {isa = PBXFileReference; lastKnownFileType = sourcecode.swift; path = ChatView.swift; sourceTree = "<group>"; };
		94764FCC28C883AF00538F3D /* ChatViewModel.swift */ = {isa = PBXFileReference; lastKnownFileType = sourcecode.swift; path = ChatViewModel.swift; sourceTree = "<group>"; };
		94764FCF28C883FA00538F3D /* BubblePosition.swift */ = {isa = PBXFileReference; lastKnownFileType = sourcecode.swift; path = BubblePosition.swift; sourceTree = "<group>"; };
		94764FD128C8842700538F3D /* ChatNotification.swift */ = {isa = PBXFileReference; lastKnownFileType = sourcecode.swift; path = ChatNotification.swift; sourceTree = "<group>"; };
		94764FD328C8847E00538F3D /* Chat.swift */ = {isa = PBXFileReference; lastKnownFileType = sourcecode.swift; path = Chat.swift; sourceTree = "<group>"; };
		94764FD628C8852500538F3D /* FirebaseReference.swift */ = {isa = PBXFileReference; lastKnownFileType = sourcecode.swift; path = FirebaseReference.swift; sourceTree = "<group>"; };
		94764FD828C8854C00538F3D /* FirebaseService.swift */ = {isa = PBXFileReference; lastKnownFileType = sourcecode.swift; path = FirebaseService.swift; sourceTree = "<group>"; };
		94CEE1FB290FEB4F0029E74B /* GoogleService-Info.plist */ = {isa = PBXFileReference; fileEncoding = 4; lastKnownFileType = text.plist.xml; name = "GoogleService-Info.plist"; path = "../../../../GoogleService-Info.plist"; sourceTree = "<group>"; };
/* End PBXFileReference section */

/* Begin PBXFrameworksBuildPhase section */
		94764FA128C8723500538F3D /* Frameworks */ = {
			isa = PBXFrameworksBuildPhase;
			buildActionMask = 2147483647;
			files = (
				94764FB828C87D2D00538F3D /* FirebaseFirestore in Frameworks */,
				94764FBA28C87D2D00538F3D /* FirebaseFirestoreCombine-Community in Frameworks */,
				94764FBC28C87D2D00538F3D /* FirebaseFirestoreSwift in Frameworks */,
			);
			runOnlyForDeploymentPostprocessing = 0;
		};
/* End PBXFrameworksBuildPhase section */

/* Begin PBXGroup section */
		94764F9B28C8723500538F3D = {
			isa = PBXGroup;
			children = (
				94764FA628C8723500538F3D /* Chat */,
				94764FA528C8723500538F3D /* Products */,
			);
			sourceTree = "<group>";
		};
		94764FA528C8723500538F3D /* Products */ = {
			isa = PBXGroup;
			children = (
				94764FA428C8723500538F3D /* Chat.app */,
			);
			name = Products;
			sourceTree = "<group>";
		};
		94764FA628C8723500538F3D /* Chat */ = {
			isa = PBXGroup;
			children = (
				94764FA728C8723500538F3D /* ChatApp.swift */,
				94764FBF28C8823400538F3D /* Views */,
				94764FCE28C883D200538F3D /* Models */,
				94764FD528C884FE00538F3D /* Firebase */,
				94764FAB28C8723A00538F3D /* Assets.xcassets */,
				94764FAD28C8723A00538F3D /* Preview Content */,
			);
			path = Chat;
			sourceTree = "<group>";
		};
		94764FAD28C8723A00538F3D /* Preview Content */ = {
			isa = PBXGroup;
			children = (
				94764FAE28C8723A00538F3D /* Preview Assets.xcassets */,
			);
			path = "Preview Content";
			sourceTree = "<group>";
		};
		94764FBF28C8823400538F3D /* Views */ = {
			isa = PBXGroup;
			children = (
				94764FCB28C8835F00538F3D /* ChatView */,
				94764FC628C882B800538F3D /* HomeView */,
				94764FC128C8824F00538F3D /* SecondaryViews */,
			);
			path = Views;
			sourceTree = "<group>";
		};
		94764FC128C8824F00538F3D /* SecondaryViews */ = {
			isa = PBXGroup;
			children = (
				94764FC228C8827800538F3D /* ChatBubbleView.swift */,
				94764FC428C8829D00538F3D /* LoadingView.swift */,
			);
			path = SecondaryViews;
			sourceTree = "<group>";
		};
		94764FC628C882B800538F3D /* HomeView */ = {
			isa = PBXGroup;
			children = (
				94764FA928C8723500538F3D /* HomeView.swift */,
				94764FC728C882F700538F3D /* HomeViewModel.swift */,
			);
			path = HomeView;
			sourceTree = "<group>";
		};
		94764FCB28C8835F00538F3D /* ChatView */ = {
			isa = PBXGroup;
			children = (
				94764FC928C8834900538F3D /* ChatView.swift */,
				94764FCC28C883AF00538F3D /* ChatViewModel.swift */,
			);
			path = ChatView;
			sourceTree = "<group>";
		};
		94764FCE28C883D200538F3D /* Models */ = {
			isa = PBXGroup;
			children = (
				94764FCF28C883FA00538F3D /* BubblePosition.swift */,
				94764FD128C8842700538F3D /* ChatNotification.swift */,
				94764FD328C8847E00538F3D /* Chat.swift */,
			);
			path = Models;
			sourceTree = "<group>";
		};
		94764FD528C884FE00538F3D /* Firebase */ = {
			isa = PBXGroup;
			children = (
				94764FD628C8852500538F3D /* FirebaseReference.swift */,
				94764FD828C8854C00538F3D /* FirebaseService.swift */,
				94CEE1FB290FEB4F0029E74B /* GoogleService-Info.plist */,
			);
			path = Firebase;
			sourceTree = "<group>";
		};
/* End PBXGroup section */

/* Begin PBXNativeTarget section */
		94764FA328C8723500538F3D /* Chat */ = {
			isa = PBXNativeTarget;
			buildConfigurationList = 94764FB228C8723A00538F3D /* Build configuration list for PBXNativeTarget "Chat" */;
			buildPhases = (
				94764FA028C8723500538F3D /* Sources */,
				94764FA128C8723500538F3D /* Frameworks */,
				94764FA228C8723500538F3D /* Resources */,
			);
			buildRules = (
			);
			dependencies = (
			);
			name = Chat;
			packageProductDependencies = (
				94764FB728C87D2D00538F3D /* FirebaseFirestore */,
				94764FB928C87D2D00538F3D /* FirebaseFirestoreCombine-Community */,
				94764FBB28C87D2D00538F3D /* FirebaseFirestoreSwift */,
			);
			productName = Chat;
			productReference = 94764FA428C8723500538F3D /* Chat.app */;
			productType = "com.apple.product-type.application";
		};
/* End PBXNativeTarget section */

/* Begin PBXProject section */
		94764F9C28C8723500538F3D /* Project object */ = {
			isa = PBXProject;
			attributes = {
				BuildIndependentTargetsInParallel = 1;
				LastSwiftUpdateCheck = 1340;
				LastUpgradeCheck = 1340;
				TargetAttributes = {
					94764FA328C8723500538F3D = {
						CreatedOnToolsVersion = 13.4.1;
					};
				};
			};
			buildConfigurationList = 94764F9F28C8723500538F3D /* Build configuration list for PBXProject "Chat" */;
			compatibilityVersion = "Xcode 13.0";
			developmentRegion = en;
			hasScannedForEncodings = 0;
			knownRegions = (
				en,
				Base,
			);
			mainGroup = 94764F9B28C8723500538F3D;
			packageReferences = (
				94764FB628C87D2D00538F3D /* XCRemoteSwiftPackageReference "firebase-ios-sdk" */,
			);
			productRefGroup = 94764FA528C8723500538F3D /* Products */;
			projectDirPath = "";
			projectRoot = "";
			targets = (
				94764FA328C8723500538F3D /* Chat */,
			);
		};
/* End PBXProject section */

/* Begin PBXResourcesBuildPhase section */
		94764FA228C8723500538F3D /* Resources */ = {
			isa = PBXResourcesBuildPhase;
			buildActionMask = 2147483647;
			files = (
				94764FAF28C8723A00538F3D /* Preview Assets.xcassets in Resources */,
				94764FAC28C8723A00538F3D /* Assets.xcassets in Resources */,
				94CEE1FC290FEB4F0029E74B /* GoogleService-Info.plist in Resources */,
			);
			runOnlyForDeploymentPostprocessing = 0;
		};
/* End PBXResourcesBuildPhase section */

/* Begin PBXSourcesBuildPhase section */
		94764FA028C8723500538F3D /* Sources */ = {
			isa = PBXSourcesBuildPhase;
			buildActionMask = 2147483647;
			files = (
				94764FD028C883FA00538F3D /* BubblePosition.swift in Sources */,
				94764FC328C8827800538F3D /* ChatBubbleView.swift in Sources */,
				94764FCD28C883AF00538F3D /* ChatViewModel.swift in Sources */,
				94764FD428C8847E00538F3D /* Chat.swift in Sources */,
				94764FD228C8842700538F3D /* ChatNotification.swift in Sources */,
				94764FD728C8852500538F3D /* FirebaseReference.swift in Sources */,
				94764FC528C8829D00538F3D /* LoadingView.swift in Sources */,
				94764FAA28C8723500538F3D /* HomeView.swift in Sources */,
				94764FC828C882F700538F3D /* HomeViewModel.swift in Sources */,
				94764FCA28C8834900538F3D /* ChatView.swift in Sources */,
				94764FD928C8854C00538F3D /* FirebaseService.swift in Sources */,
				94764FA828C8723500538F3D /* ChatApp.swift in Sources */,
			);
			runOnlyForDeploymentPostprocessing = 0;
		};
/* End PBXSourcesBuildPhase section */

/* Begin XCBuildConfiguration section */
		94764FB028C8723A00538F3D /* Debug */ = {
			isa = XCBuildConfiguration;
			buildSettings = {
				ALWAYS_SEARCH_USER_PATHS = NO;
				CLANG_ANALYZER_NONNULL = YES;
				CLANG_ANALYZER_NUMBER_OBJECT_CONVERSION = YES_AGGRESSIVE;
				CLANG_CXX_LANGUAGE_STANDARD = "gnu++17";
				CLANG_ENABLE_MODULES = YES;
				CLANG_ENABLE_OBJC_ARC = YES;
				CLANG_ENABLE_OBJC_WEAK = YES;
				CLANG_WARN_BLOCK_CAPTURE_AUTORELEASING = YES;
				CLANG_WARN_BOOL_CONVERSION = YES;
				CLANG_WARN_COMMA = YES;
				CLANG_WARN_CONSTANT_CONVERSION = YES;
				CLANG_WARN_DEPRECATED_OBJC_IMPLEMENTATIONS = YES;
				CLANG_WARN_DIRECT_OBJC_ISA_USAGE = YES_ERROR;
				CLANG_WARN_DOCUMENTATION_COMMENTS = YES;
				CLANG_WARN_EMPTY_BODY = YES;
				CLANG_WARN_ENUM_CONVERSION = YES;
				CLANG_WARN_INFINITE_RECURSION = YES;
				CLANG_WARN_INT_CONVERSION = YES;
				CLANG_WARN_NON_LITERAL_NULL_CONVERSION = YES;
				CLANG_WARN_OBJC_IMPLICIT_RETAIN_SELF = YES;
				CLANG_WARN_OBJC_LITERAL_CONVERSION = YES;
				CLANG_WARN_OBJC_ROOT_CLASS = YES_ERROR;
				CLANG_WARN_QUOTED_INCLUDE_IN_FRAMEWORK_HEADER = YES;
				CLANG_WARN_RANGE_LOOP_ANALYSIS = YES;
				CLANG_WARN_STRICT_PROTOTYPES = YES;
				CLANG_WARN_SUSPICIOUS_MOVE = YES;
				CLANG_WARN_UNGUARDED_AVAILABILITY = YES_AGGRESSIVE;
				CLANG_WARN_UNREACHABLE_CODE = YES;
				CLANG_WARN__DUPLICATE_METHOD_MATCH = YES;
				COPY_PHASE_STRIP = NO;
				DEBUG_INFORMATION_FORMAT = dwarf;
				ENABLE_STRICT_OBJC_MSGSEND = YES;
				ENABLE_TESTABILITY = YES;
				GCC_C_LANGUAGE_STANDARD = gnu11;
				GCC_DYNAMIC_NO_PIC = NO;
				GCC_NO_COMMON_BLOCKS = YES;
				GCC_OPTIMIZATION_LEVEL = 0;
				GCC_PREPROCESSOR_DEFINITIONS = (
					"DEBUG=1",
					"$(inherited)",
				);
				GCC_WARN_64_TO_32_BIT_CONVERSION = YES;
				GCC_WARN_ABOUT_RETURN_TYPE = YES_ERROR;
				GCC_WARN_UNDECLARED_SELECTOR = YES;
				GCC_WARN_UNINITIALIZED_AUTOS = YES_AGGRESSIVE;
				GCC_WARN_UNUSED_FUNCTION = YES;
				GCC_WARN_UNUSED_VARIABLE = YES;
				IPHONEOS_DEPLOYMENT_TARGET = 15.5;
				MTL_ENABLE_DEBUG_INFO = INCLUDE_SOURCE;
				MTL_FAST_MATH = YES;
				ONLY_ACTIVE_ARCH = YES;
				SDKROOT = iphoneos;
				SWIFT_ACTIVE_COMPILATION_CONDITIONS = DEBUG;
				SWIFT_OPTIMIZATION_LEVEL = "-Onone";
			};
			name = Debug;
		};
		94764FB128C8723A00538F3D /* Release */ = {
			isa = XCBuildConfiguration;
			buildSettings = {
				ALWAYS_SEARCH_USER_PATHS = NO;
				CLANG_ANALYZER_NONNULL = YES;
				CLANG_ANALYZER_NUMBER_OBJECT_CONVERSION = YES_AGGRESSIVE;
				CLANG_CXX_LANGUAGE_STANDARD = "gnu++17";
				CLANG_ENABLE_MODULES = YES;
				CLANG_ENABLE_OBJC_ARC = YES;
				CLANG_ENABLE_OBJC_WEAK = YES;
				CLANG_WARN_BLOCK_CAPTURE_AUTORELEASING = YES;
				CLANG_WARN_BOOL_CONVERSION = YES;
				CLANG_WARN_COMMA = YES;
				CLANG_WARN_CONSTANT_CONVERSION = YES;
				CLANG_WARN_DEPRECATED_OBJC_IMPLEMENTATIONS = YES;
				CLANG_WARN_DIRECT_OBJC_ISA_USAGE = YES_ERROR;
				CLANG_WARN_DOCUMENTATION_COMMENTS = YES;
				CLANG_WARN_EMPTY_BODY = YES;
				CLANG_WARN_ENUM_CONVERSION = YES;
				CLANG_WARN_INFINITE_RECURSION = YES;
				CLANG_WARN_INT_CONVERSION = YES;
				CLANG_WARN_NON_LITERAL_NULL_CONVERSION = YES;
				CLANG_WARN_OBJC_IMPLICIT_RETAIN_SELF = YES;
				CLANG_WARN_OBJC_LITERAL_CONVERSION = YES;
				CLANG_WARN_OBJC_ROOT_CLASS = YES_ERROR;
				CLANG_WARN_QUOTED_INCLUDE_IN_FRAMEWORK_HEADER = YES;
				CLANG_WARN_RANGE_LOOP_ANALYSIS = YES;
				CLANG_WARN_STRICT_PROTOTYPES = YES;
				CLANG_WARN_SUSPICIOUS_MOVE = YES;
				CLANG_WARN_UNGUARDED_AVAILABILITY = YES_AGGRESSIVE;
				CLANG_WARN_UNREACHABLE_CODE = YES;
				CLANG_WARN__DUPLICATE_METHOD_MATCH = YES;
				COPY_PHASE_STRIP = NO;
				DEBUG_INFORMATION_FORMAT = "dwarf-with-dsym";
				ENABLE_NS_ASSERTIONS = NO;
				ENABLE_STRICT_OBJC_MSGSEND = YES;
				GCC_C_LANGUAGE_STANDARD = gnu11;
				GCC_NO_COMMON_BLOCKS = YES;
				GCC_WARN_64_TO_32_BIT_CONVERSION = YES;
				GCC_WARN_ABOUT_RETURN_TYPE = YES_ERROR;
				GCC_WARN_UNDECLARED_SELECTOR = YES;
				GCC_WARN_UNINITIALIZED_AUTOS = YES_AGGRESSIVE;
				GCC_WARN_UNUSED_FUNCTION = YES;
				GCC_WARN_UNUSED_VARIABLE = YES;
				IPHONEOS_DEPLOYMENT_TARGET = 15.5;
				MTL_ENABLE_DEBUG_INFO = NO;
				MTL_FAST_MATH = YES;
				SDKROOT = iphoneos;
				SWIFT_COMPILATION_MODE = wholemodule;
				SWIFT_OPTIMIZATION_LEVEL = "-O";
				VALIDATE_PRODUCT = YES;
			};
			name = Release;
		};
		94764FB328C8723A00538F3D /* Debug */ = {
			isa = XCBuildConfiguration;
			buildSettings = {
				ASSETCATALOG_COMPILER_APPICON_NAME = AppIcon;
				ASSETCATALOG_COMPILER_GLOBAL_ACCENT_COLOR_NAME = AccentColor;
				CODE_SIGN_STYLE = Automatic;
				CURRENT_PROJECT_VERSION = 1;
				DEVELOPMENT_ASSET_PATHS = "\"Chat/Preview Content\"";
				DEVELOPMENT_TEAM = MY937CBLR4;
				ENABLE_PREVIEWS = YES;
				GENERATE_INFOPLIST_FILE = YES;
				INFOPLIST_KEY_UIApplicationSceneManifest_Generation = YES;
				INFOPLIST_KEY_UIApplicationSupportsIndirectInputEvents = YES;
				INFOPLIST_KEY_UILaunchScreen_Generation = YES;
				INFOPLIST_KEY_UISupportedInterfaceOrientations_iPad = "UIInterfaceOrientationPortrait UIInterfaceOrientationPortraitUpsideDown UIInterfaceOrientationLandscapeLeft UIInterfaceOrientationLandscapeRight";
				INFOPLIST_KEY_UISupportedInterfaceOrientations_iPhone = "UIInterfaceOrientationPortrait UIInterfaceOrientationLandscapeLeft UIInterfaceOrientationLandscapeRight";
				LD_RUNPATH_SEARCH_PATHS = (
					"$(inherited)",
					"@executable_path/Frameworks",
				);
				MARKETING_VERSION = 1.0;
				PRODUCT_BUNDLE_IDENTIFIER = Najla.Chat;
				PRODUCT_NAME = "$(TARGET_NAME)";
				SWIFT_EMIT_LOC_STRINGS = YES;
				SWIFT_VERSION = 5.0;
				TARGETED_DEVICE_FAMILY = "1,2";
			};
			name = Debug;
		};
		94764FB428C8723A00538F3D /* Release */ = {
			isa = XCBuildConfiguration;
			buildSettings = {
				ASSETCATALOG_COMPILER_APPICON_NAME = AppIcon;
				ASSETCATALOG_COMPILER_GLOBAL_ACCENT_COLOR_NAME = AccentColor;
				CODE_SIGN_STYLE = Automatic;
				CURRENT_PROJECT_VERSION = 1;
				DEVELOPMENT_ASSET_PATHS = "\"Chat/Preview Content\"";
				DEVELOPMENT_TEAM = MY937CBLR4;
				ENABLE_PREVIEWS = YES;
				GENERATE_INFOPLIST_FILE = YES;
				INFOPLIST_KEY_UIApplicationSceneManifest_Generation = YES;
				INFOPLIST_KEY_UIApplicationSupportsIndirectInputEvents = YES;
				INFOPLIST_KEY_UILaunchScreen_Generation = YES;
				INFOPLIST_KEY_UISupportedInterfaceOrientations_iPad = "UIInterfaceOrientationPortrait UIInterfaceOrientationPortraitUpsideDown UIInterfaceOrientationLandscapeLeft UIInterfaceOrientationLandscapeRight";
				INFOPLIST_KEY_UISupportedInterfaceOrientations_iPhone = "UIInterfaceOrientationPortrait UIInterfaceOrientationLandscapeLeft UIInterfaceOrientationLandscapeRight";
				LD_RUNPATH_SEARCH_PATHS = (
					"$(inherited)",
					"@executable_path/Frameworks",
				);
				MARKETING_VERSION = 1.0;
				PRODUCT_BUNDLE_IDENTIFIER = Najla.Chat;
				PRODUCT_NAME = "$(TARGET_NAME)";
				SWIFT_EMIT_LOC_STRINGS = YES;
				SWIFT_VERSION = 5.0;
				TARGETED_DEVICE_FAMILY = "1,2";
			};
			name = Release;
		};
/* End XCBuildConfiguration section */

/* Begin XCConfigurationList section */
		94764F9F28C8723500538F3D /* Build configuration list for PBXProject "Chat" */ = {
			isa = XCConfigurationList;
			buildConfigurations = (
				94764FB028C8723A00538F3D /* Debug */,
				94764FB128C8723A00538F3D /* Release */,
			);
			defaultConfigurationIsVisible = 0;
			defaultConfigurationName = Release;
		};
		94764FB228C8723A00538F3D /* Build configuration list for PBXNativeTarget "Chat" */ = {
			isa = XCConfigurationList;
			buildConfigurations = (
				94764FB328C8723A00538F3D /* Debug */,
				94764FB428C8723A00538F3D /* Release */,
			);
			defaultConfigurationIsVisible = 0;
			defaultConfigurationName = Release;
		};
/* End XCConfigurationList section */

/* Begin XCRemoteSwiftPackageReference section */
		94764FB628C87D2D00538F3D /* XCRemoteSwiftPackageReference "firebase-ios-sdk" */ = {
			isa = XCRemoteSwiftPackageReference;
			repositoryURL = "https://github.com/firebase/firebase-ios-sdk";
			requirement = {
				kind = upToNextMajorVersion;
				minimumVersion = 9.0.0;
			};
		};
/* End XCRemoteSwiftPackageReference section */

/* Begin XCSwiftPackageProductDependency section */
		94764FB728C87D2D00538F3D /* FirebaseFirestore */ = {
			isa = XCSwiftPackageProductDependency;
			package = 94764FB628C87D2D00538F3D /* XCRemoteSwiftPackageReference "firebase-ios-sdk" */;
			productName = FirebaseFirestore;
		};
		94764FB928C87D2D00538F3D /* FirebaseFirestoreCombine-Community */ = {
			isa = XCSwiftPackageProductDependency;
			package = 94764FB628C87D2D00538F3D /* XCRemoteSwiftPackageReference "firebase-ios-sdk" */;
			productName = "FirebaseFirestoreCombine-Community";
		};
		94764FBB28C87D2D00538F3D /* FirebaseFirestoreSwift */ = {
			isa = XCSwiftPackageProductDependency;
			package = 94764FB628C87D2D00538F3D /* XCRemoteSwiftPackageReference "firebase-ios-sdk" */;
			productName = FirebaseFirestoreSwift;
		};
/* End XCSwiftPackageProductDependency section */
	};
	rootObject = 94764F9C28C8723500538F3D /* Project object */;
}
